Microsoft Visual Studio Solution File, Format Version 12.00
# Visual Studio Version 17
VisualStudioVersion = 17.5.2.0
MinimumVisualStudioVersion = 10.0.40219.1
Project("{FAE04EC0-301F-11D3-BF4B-00C04F79EFBC}") = "CampusAdoptions", "CampusAdoptions\CampusAdoptions.csproj", "{BDC362CA-03C1-3D28-3D60-BA8753CD10C2}"
EndProject
Global
	GlobalSection(SolutionConfigurationPlatforms) = preSolution
		Debug|Any CPU = Debug|Any CPU
		Release|Any CPU = Release|Any CPU
	EndGlobalSection
	GlobalSection(ProjectConfigurationPlatforms) = postSolution
		{BDC362CA-03C1-3D28-3D60-BA8753CD10C2}.Debug|Any CPU.ActiveCfg = Debug|Any CPU
		{BDC362CA-03C1-3D28-3D60-BA8753CD10C2}.Debug|Any CPU.Build.0 = Debug|Any CPU
		{BDC362CA-03C1-3D28-3D60-BA8753CD10C2}.Release|Any CPU.ActiveCfg = Release|Any CPU
		{BDC362CA-03C1-3D28-3D60-BA8753CD10C2}.Release|Any CPU.Build.0 = Release|Any CPU
	EndGlobalSection
	GlobalSection(SolutionProperties) = preSolution
		HideSolutionNode = FALSE
	EndGlobalSection
	GlobalSection(ExtensibilityGlobals) = postSolution
		SolutionGuid = {E27A77BB-2AD0-4C68-A570-8098422AAE70}
	EndGlobalSection
EndGlobal
